version = 1
revision = 1
requires-python = ">=3.12"

[[package]]
name = "document-pipeline"
version = "0.1.0"
source = { editable = "." }
dependencies = [
    { name = "aioboto3" },
    { name = "alembic" },
    { name = "asyncpg" },
    { name = "fastapi" },
    { name = "greenlet" },
    { name = "httpx" },
    { name = "orjson" },
    { name = "pydantic" },
    { name = "pydantic-settings" },
    { name = "python-json-logger" },
    { name = "sqlalchemy" },
    { name = "temporalio" },
    { name = "uvicorn" },
]
